
Microsoft Visual Studio Solution File, Format Version 12.00
# Visual Studio Version 16
VisualStudioVersion = 16.0.29318.209
MinimumVisualStudioVersion = 10.0.40219.1
Project("{FAE04EC0-301F-11D3-BF4B-00C04F79EFBC}") = "Sly_WAL_Editor", "Sly_WAL_Editor\Sly_WAL_Editor.csproj", "{97BDEADF-135E-4953-95FC-6BB03D96F07C}"
EndProject
Global
	GlobalSection(SolutionConfigurationPlatforms) = preSolution
		Debug|Any CPU = Debug|Any CPU
		Debug|x64 = Debug|x64
		Debug|x86 = Debug|x86
		Release|Any CPU = Release|Any CPU
		Release|x64 = Release|x64
		Release|x86 = Release|x86
	EndGlobalSection
	GlobalSection(ProjectConfigurationPlatforms) = postSolution
		{97BDEADF-135E-4953-95FC-6BB03D96F07C}.Debug|Any CPU.ActiveCfg = Debug|Any CPU
		{97BDEADF-135E-4953-95FC-6BB03D96F07C}.Debug|Any CPU.Build.0 = Debug|Any CPU
		{97BDEADF-135E-4953-95FC-6BB03D96F07C}.Debug|x64.ActiveCfg = Debug|Any CPU
		{97BDEADF-135E-4953-95FC-6BB03D96F07C}.Debug|x64.Build.0 = Debug|Any CPU
		{97BDEADF-135E-4953-95FC-6BB03D96F07C}.Debug|x86.ActiveCfg = Debug|Any CPU
		{97BDEADF-135E-4953-95FC-6BB03D96F07C}.Debug|x86.Build.0 = Debug|Any CPU
		{97BDEADF-135E-4953-95FC-6BB03D96F07C}.Release|Any CPU.ActiveCfg = Release|Any CPU
		{97BDEADF-135E-4953-95FC-6BB03D96F07C}.Release|Any CPU.Build.0 = Release|Any CPU
		{97BDEADF-135E-4953-95FC-6BB03D96F07C}.Release|x64.ActiveCfg = Release|Any CPU
		{97BDEADF-135E-4953-95FC-6BB03D96F07C}.Release|x64.Build.0 = Release|Any CPU
		{97BDEADF-135E-4953-95FC-6BB03D96F07C}.Release|x86.ActiveCfg = Release|Any CPU
		{97BDEADF-135E-4953-95FC-6BB03D96F07C}.Release|x86.Build.0 = Release|Any CPU
	EndGlobalSection
	GlobalSection(SolutionProperties) = preSolution
		HideSolutionNode = FALSE
	EndGlobalSection
	GlobalSection(ExtensibilityGlobals) = postSolution
		SolutionGuid = {2A4A0453-1F7B-40C3-B081-47D715735CC2}
	EndGlobalSection
EndGlobal
